
Microsoft Visual Studio Solution File, Format Version 12.00
# Visual Studio 15
VisualStudioVersion = 15.0.27428.2015
MinimumVisualStudioVersion = 10.0.40219.1
Project("{E24C65DC-7377-472B-9ABA-BC803B73C61A}") = "Enalasys", "..\..\WebSites\Enalasys\", "{A6205EEC-1B9D-4ACC-A3FD-8DDB9C642A9E}"
	ProjectSection(WebsiteProperties) = preProject
		TargetFrameworkMoniker = ".NETFramework,Version%3Dv4.5.2"
		ProjectReferences = "{c12a9f82-6370-4b60-b4f6-262ed3ba3031}|DBInterface.dll;"
		Debug.AspNetCompiler.VirtualPath = "/localhost_51698"
		Debug.AspNetCompiler.PhysicalPath = "..\..\WebSites\Enalasys\"
		Debug.AspNetCompiler.TargetPath = "PrecompiledWeb\localhost_51698\"
		Debug.AspNetCompiler.Updateable = "true"
		Debug.AspNetCompiler.ForceOverwrite = "true"
		Debug.AspNetCompiler.FixedNames = "false"
		Debug.AspNetCompiler.Debug = "True"
		Release.AspNetCompiler.VirtualPath = "/localhost_51698"
		Release.AspNetCompiler.PhysicalPath = "..\..\WebSites\Enalasys\"
		Release.AspNetCompiler.TargetPath = "PrecompiledWeb\localhost_51698\"
		Release.AspNetCompiler.Updateable = "true"
		Release.AspNetCompiler.ForceOverwrite = "true"
		Release.AspNetCompiler.FixedNames = "false"
		Release.AspNetCompiler.Debug = "False"
		VWDPort = "51698"
		SlnRelativePath = "..\..\WebSites\Enalasys\"
		DefaultWebSiteLanguage = "Visual C#"
	EndProjectSection
EndProject
Project("{FAE04EC0-301F-11D3-BF4B-00C04F79EFBC}") = "DBInterface", "DBInterface\DBInterface.csproj", "{C12A9F82-6370-4B60-B4F6-262ED3BA3031}"
EndProject
Global
	GlobalSection(SolutionConfigurationPlatforms) = preSolution
		Debug|Any CPU = Debug|Any CPU
		Release|Any CPU = Release|Any CPU
	EndGlobalSection
	GlobalSection(ProjectConfigurationPlatforms) = postSolution
		{A6205EEC-1B9D-4ACC-A3FD-8DDB9C642A9E}.Debug|Any CPU.ActiveCfg = Debug|Any CPU
		{A6205EEC-1B9D-4ACC-A3FD-8DDB9C642A9E}.Debug|Any CPU.Build.0 = Debug|Any CPU
		{A6205EEC-1B9D-4ACC-A3FD-8DDB9C642A9E}.Release|Any CPU.ActiveCfg = Debug|Any CPU
		{A6205EEC-1B9D-4ACC-A3FD-8DDB9C642A9E}.Release|Any CPU.Build.0 = Debug|Any CPU
		{C12A9F82-6370-4B60-B4F6-262ED3BA3031}.Debug|Any CPU.ActiveCfg = Debug|Any CPU
		{C12A9F82-6370-4B60-B4F6-262ED3BA3031}.Debug|Any CPU.Build.0 = Debug|Any CPU
		{C12A9F82-6370-4B60-B4F6-262ED3BA3031}.Release|Any CPU.ActiveCfg = Release|Any CPU
		{C12A9F82-6370-4B60-B4F6-262ED3BA3031}.Release|Any CPU.Build.0 = Release|Any CPU
	EndGlobalSection
	GlobalSection(SolutionProperties) = preSolution
		HideSolutionNode = FALSE
	EndGlobalSection
	GlobalSection(ExtensibilityGlobals) = postSolution
		SolutionGuid = {A93FD709-6A36-4076-9FCD-D54E5D72B903}
	EndGlobalSection
EndGlobal
